// !$*UTF8*$!
{
	archiveVersion = 1;
	classes = {
	};
	objectVersion = 50;
	objects = {

/* Begin PBXBuildFile section */
		1113AE8B22BABE94008F1B0A /* AppDelegate.swift in Sources */ = {isa = PBXBuildFile; fileRef = 1113AE8A22BABE94008F1B0A /* AppDelegate.swift */; };
		1113AE8D22BABE94008F1B0A /* ViewController.swift in Sources */ = {isa = PBXBuildFile; fileRef = 1113AE8C22BABE94008F1B0A /* ViewController.swift */; };
		1113AE9022BABE94008F1B0A /* Main.storyboard in Resources */ = {isa = PBXBuildFile; fileRef = 1113AE8E22BABE94008F1B0A /* Main.storyboard */; };
		1113AE9222BABE97008F1B0A /* Assets.xcassets in Resources */ = {isa = PBXBuildFile; fileRef = 1113AE9122BABE97008F1B0A /* Assets.xcassets */; };
		1113AE9522BABE97008F1B0A /* LaunchScreen.storyboard in Resources */ = {isa = PBXBuildFile; fileRef = 1113AE9322BABE97008F1B0A /* LaunchScreen.storyboard */; };
		1113AE9E22BABFDC008F1B0A /* OperationSolver.swift in Sources */ = {isa = PBXBuildFile; fileRef = 1113AE9D22BABFDC008F1B0A /* OperationSolver.swift */; };
		11341EF822BACA4600C3F774 /* OperationError.swift in Sources */ = {isa = PBXBuildFile; fileRef = 11341EF722BACA4600C3F774 /* OperationError.swift */; };
		11341F0022BE6B8600C3F774 /* SimpleEquationTests.swift in Sources */ = {isa = PBXBuildFile; fileRef = 11341EFF22BE6B8600C3F774 /* SimpleEquationTests.swift */; };
		11341F0822BE6B9C00C3F774 /* OperationSolverTests.swift in Sources */ = {isa = PBXBuildFile; fileRef = 11341F0722BE6B9C00C3F774 /* OperationSolverTests.swift */; };
		11341F0B22BE7F7E00C3F774 /* Validator.swift in Sources */ = {isa = PBXBuildFile; fileRef = 11341F0A22BE7F7E00C3F774 /* Validator.swift */; };
		11341F0E22BF879900C3F774 /* CustomButton.swift in Sources */ = {isa = PBXBuildFile; fileRef = 11341F0D22BF879900C3F774 /* CustomButton.swift */; };
/* End PBXBuildFile section */

/* Begin PBXContainerItemProxy section */
		11341F0222BE6B8600C3F774 /* PBXContainerItemProxy */ = {
			isa = PBXContainerItemProxy;
			containerPortal = 1113AE7F22BABE94008F1B0A /* Project object */;
			proxyType = 1;
			remoteGlobalIDString = 1113AE8622BABE94008F1B0A;
			remoteInfo = SimpleEquation;
		};
/* End PBXContainerItemProxy section */

/* Begin PBXFileReference section */
		1113AE8722BABE94008F1B0A /* SimpleEquation.app */ = {isa = PBXFileReference; explicitFileType = wrapper.application; includeInIndex = 0; path = SimpleEquation.app; sourceTree = BUILT_PRODUCTS_DIR; };
		1113AE8A22BABE94008F1B0A /* AppDelegate.swift */ = {isa = PBXFileReference; lastKnownFileType = sourcecode.swift; path = AppDelegate.swift; sourceTree = "<group>"; };
		1113AE8C22BABE94008F1B0A /* ViewController.swift */ = {isa = PBXFileReference; lastKnownFileType = sourcecode.swift; path = ViewController.swift; sourceTree = "<group>"; };
		1113AE8F22BABE94008F1B0A /* Base */ = {isa = PBXFileReference; lastKnownFileType = file.storyboard; name = Base; path = Base.lproj/Main.storyboard; sourceTree = "<group>"; };
		1113AE9122BABE97008F1B0A /* Assets.xcassets */ = {isa = PBXFileReference; lastKnownFileType = folder.assetcatalog; path = Assets.xcassets; sourceTree = "<group>"; };
		1113AE9422BABE97008F1B0A /* Base */ = {isa = PBXFileReference; lastKnownFileType = file.storyboard; name = Base; path = Base.lproj/LaunchScreen.storyboard; sourceTree = "<group>"; };
		1113AE9622BABE97008F1B0A /* Info.plist */ = {isa = PBXFileReference; lastKnownFileType = text.plist.xml; path = Info.plist; sourceTree = "<group>"; };
		1113AE9D22BABFDC008F1B0A /* OperationSolver.swift */ = {isa = PBXFileReference; lastKnownFileType = sourcecode.swift; path = OperationSolver.swift; sourceTree = "<group>"; };
		11341EF722BACA4600C3F774 /* OperationError.swift */ = {isa = PBXFileReference; lastKnownFileType = sourcecode.swift; path = OperationError.swift; sourceTree = "<group>"; };
		11341EFD22BE6B8500C3F774 /* SimpleEquationTests.xctest */ = {isa = PBXFileReference; explicitFileType = wrapper.cfbundle; includeInIndex = 0; path = SimpleEquationTests.xctest; sourceTree = BUILT_PRODUCTS_DIR; };
		11341EFF22BE6B8600C3F774 /* SimpleEquationTests.swift */ = {isa = PBXFileReference; lastKnownFileType = sourcecode.swift; path = SimpleEquationTests.swift; sourceTree = "<group>"; };
		11341F0122BE6B8600C3F774 /* Info.plist */ = {isa = PBXFileReference; lastKnownFileType = text.plist.xml; path = Info.plist; sourceTree = "<group>"; };
		11341F0722BE6B9C00C3F774 /* OperationSolverTests.swift */ = {isa = PBXFileReference; lastKnownFileType = sourcecode.swift; path = OperationSolverTests.swift; sourceTree = "<group>"; };
		11341F0A22BE7F7E00C3F774 /* Validator.swift */ = {isa = PBXFileReference; lastKnownFileType = sourcecode.swift; path = Validator.swift; sourceTree = "<group>"; };
		11341F0D22BF879900C3F774 /* CustomButton.swift */ = {isa = PBXFileReference; lastKnownFileType = sourcecode.swift; path = CustomButton.swift; sourceTree = "<group>"; };
/* End PBXFileReference section */

/* Begin PBXFrameworksBuildPhase section */
		1113AE8422BABE94008F1B0A /* Frameworks */ = {
			isa = PBXFrameworksBuildPhase;
			buildActionMask = 2147483647;
			files = (
			);
			runOnlyForDeploymentPostprocessing = 0;
		};
		11341EFA22BE6B8500C3F774 /* Frameworks */ = {
			isa = PBXFrameworksBuildPhase;
			buildActionMask = 2147483647;
			files = (
			);
			runOnlyForDeploymentPostprocessing = 0;
		};
/* End PBXFrameworksBuildPhase section */

/* Begin PBXGroup section */
		1113AE7E22BABE94008F1B0A = {
			isa = PBXGroup;
			children = (
				1113AE8922BABE94008F1B0A /* SimpleEquation */,
				11341EFE22BE6B8600C3F774 /* SimpleEquationTests */,
				1113AE8822BABE94008F1B0A /* Products */,
			);
			sourceTree = "<group>";
		};
		1113AE8822BABE94008F1B0A /* Products */ = {
			isa = PBXGroup;
			children = (
				1113AE8722BABE94008F1B0A /* SimpleEquation.app */,
				11341EFD22BE6B8500C3F774 /* SimpleEquationTests.xctest */,
			);
			name = Products;
			sourceTree = "<group>";
		};
		1113AE8922BABE94008F1B0A /* SimpleEquation */ = {
			isa = PBXGroup;
			children = (
				11341F0C22BF874200C3F774 /* CustomView */,
				1113AE9F22BACA0A008F1B0A /* Helper */,
				1113AE9C22BABF89008F1B0A /* Solver */,
				1113AE8A22BABE94008F1B0A /* AppDelegate.swift */,
				1113AE8C22BABE94008F1B0A /* ViewController.swift */,
				1113AE8E22BABE94008F1B0A /* Main.storyboard */,
				1113AE9122BABE97008F1B0A /* Assets.xcassets */,
				1113AE9322BABE97008F1B0A /* LaunchScreen.storyboard */,
				1113AE9622BABE97008F1B0A /* Info.plist */,
			);
			path = SimpleEquation;
			sourceTree = "<group>";
		};
		1113AE9C22BABF89008F1B0A /* Solver */ = {
			isa = PBXGroup;
			children = (
				1113AE9D22BABFDC008F1B0A /* OperationSolver.swift */,
			);
			path = Solver;
			sourceTree = "<group>";
		};
		1113AE9F22BACA0A008F1B0A /* Helper */ = {
			isa = PBXGroup;
			children = (
				11341EF722BACA4600C3F774 /* OperationError.swift */,
				11341F0A22BE7F7E00C3F774 /* Validator.swift */,
			);
			path = Helper;
			sourceTree = "<group>";
		};
		11341EFE22BE6B8600C3F774 /* SimpleEquationTests */ = {
			isa = PBXGroup;
			children = (
				11341EFF22BE6B8600C3F774 /* SimpleEquationTests.swift */,
				11341F0122BE6B8600C3F774 /* Info.plist */,
				11341F0722BE6B9C00C3F774 /* OperationSolverTests.swift */,
			);
			path = SimpleEquationTests;
			sourceTree = "<group>";
		};
		11341F0C22BF874200C3F774 /* CustomView */ = {
			isa = PBXGroup;
			children = (
				11341F0D22BF879900C3F774 /* CustomButton.swift */,
			);
			path = CustomView;
			sourceTree = "<group>";
		};
/* End PBXGroup section */

/* Begin PBXNativeTarget section */
		1113AE8622BABE94008F1B0A /* SimpleEquation */ = {
			isa = PBXNativeTarget;
			buildConfigurationList = 1113AE9922BABE97008F1B0A /* Build configuration list for PBXNativeTarget "SimpleEquation" */;
			buildPhases = (
				1113AE8322BABE94008F1B0A /* Sources */,
				1113AE8422BABE94008F1B0A /* Frameworks */,
				1113AE8522BABE94008F1B0A /* Resources */,
			);
			buildRules = (
			);
			dependencies = (
			);
			name = SimpleEquation;
			productName = SimpleEquation;
			productReference = 1113AE8722BABE94008F1B0A /* SimpleEquation.app */;
			productType = "com.apple.product-type.application";
		};
		11341EFC22BE6B8500C3F774 /* SimpleEquationTests */ = {
			isa = PBXNativeTarget;
			buildConfigurationList = 11341F0622BE6B8600C3F774 /* Build configuration list for PBXNativeTarget "SimpleEquationTests" */;
			buildPhases = (
				11341EF922BE6B8500C3F774 /* Sources */,
				11341EFA22BE6B8500C3F774 /* Frameworks */,
				11341EFB22BE6B8500C3F774 /* Resources */,
			);
			buildRules = (
			);
			dependencies = (
				11341F0322BE6B8600C3F774 /* PBXTargetDependency */,
			);
			name = SimpleEquationTests;
			productName = SimpleEquationTests;
			productReference = 11341EFD22BE6B8500C3F774 /* SimpleEquationTests.xctest */;
			productType = "com.apple.product-type.bundle.unit-test";
		};
/* End PBXNativeTarget section */

/* Begin PBXProject section */
		1113AE7F22BABE94008F1B0A /* Project object */ = {
			isa = PBXProject;
			attributes = {
				LastSwiftUpdateCheck = 1020;
				LastUpgradeCheck = 1020;
				ORGANIZATIONNAME = "Przemysław Kalawski";
				TargetAttributes = {
					1113AE8622BABE94008F1B0A = {
						CreatedOnToolsVersion = 10.2.1;
					};
					11341EFC22BE6B8500C3F774 = {
						CreatedOnToolsVersion = 10.2.1;
						TestTargetID = 1113AE8622BABE94008F1B0A;
					};
				};
			};
			buildConfigurationList = 1113AE8222BABE94008F1B0A /* Build configuration list for PBXProject "SimpleEquation" */;
			compatibilityVersion = "Xcode 9.3";
			developmentRegion = en;
			hasScannedForEncodings = 0;
			knownRegions = (
				en,
				Base,
			);
			mainGroup = 1113AE7E22BABE94008F1B0A;
			productRefGroup = 1113AE8822BABE94008F1B0A /* Products */;
			projectDirPath = "";
			projectRoot = "";
			targets = (
				1113AE8622BABE94008F1B0A /* SimpleEquation */,
				11341EFC22BE6B8500C3F774 /* SimpleEquationTests */,
			);
		};
/* End PBXProject section */

/* Begin PBXResourcesBuildPhase section */
		1113AE8522BABE94008F1B0A /* Resources */ = {
			isa = PBXResourcesBuildPhase;
			buildActionMask = 2147483647;
			files = (
				1113AE9522BABE97008F1B0A /* LaunchScreen.storyboard in Resources */,
				1113AE9222BABE97008F1B0A /* Assets.xcassets in Resources */,
				1113AE9022BABE94008F1B0A /* Main.storyboard in Resources */,
			);
			runOnlyForDeploymentPostprocessing = 0;
		};
		11341EFB22BE6B8500C3F774 /* Resources */ = {
			isa = PBXResourcesBuildPhase;
			buildActionMask = 2147483647;
			files = (
			);
			runOnlyForDeploymentPostprocessing = 0;
		};
/* End PBXResourcesBuildPhase section */

/* Begin PBXSourcesBuildPhase section */
		1113AE8322BABE94008F1B0A /* Sources */ = {
			isa = PBXSourcesBuildPhase;
			buildActionMask = 2147483647;
			files = (
				1113AE8D22BABE94008F1B0A /* ViewController.swift in Sources */,
				1113AE9E22BABFDC008F1B0A /* OperationSolver.swift in Sources */,
				11341F0E22BF879900C3F774 /* CustomButton.swift in Sources */,
				11341F0B22BE7F7E00C3F774 /* Validator.swift in Sources */,
				11341EF822BACA4600C3F774 /* OperationError.swift in Sources */,
				1113AE8B22BABE94008F1B0A /* AppDelegate.swift in Sources */,
			);
			runOnlyForDeploymentPostprocessing = 0;
		};
		11341EF922BE6B8500C3F774 /* Sources */ = {
			isa = PBXSourcesBuildPhase;
			buildActionMask = 2147483647;
			files = (
				11341F0822BE6B9C00C3F774 /* OperationSolverTests.swift in Sources */,
				11341F0022BE6B8600C3F774 /* SimpleEquationTests.swift in Sources */,
			);
			runOnlyForDeploymentPostprocessing = 0;
		};
/* End PBXSourcesBuildPhase section */

/* Begin PBXTargetDependency section */
		11341F0322BE6B8600C3F774 /* PBXTargetDependency */ = {
			isa = PBXTargetDependency;
			target = 1113AE8622BABE94008F1B0A /* SimpleEquation */;
			targetProxy = 11341F0222BE6B8600C3F774 /* PBXContainerItemProxy */;
		};
/* End PBXTargetDependency section */

/* Begin PBXVariantGroup section */
		1113AE8E22BABE94008F1B0A /* Main.storyboard */ = {
			isa = PBXVariantGroup;
			children = (
				1113AE8F22BABE94008F1B0A /* Base */,
			);
			name = Main.storyboard;
			sourceTree = "<group>";
		};
		1113AE9322BABE97008F1B0A /* LaunchScreen.storyboard */ = {
			isa = PBXVariantGroup;
			children = (
				1113AE9422BABE97008F1B0A /* Base */,
			);
			name = LaunchScreen.storyboard;
			sourceTree = "<group>";
		};
/* End PBXVariantGroup section */

/* Begin XCBuildConfiguration section */
		1113AE9722BABE97008F1B0A /* Debug */ = {
			isa = XCBuildConfiguration;
			buildSettings = {
				ALWAYS_SEARCH_USER_PATHS = NO;
				CLANG_ANALYZER_NONNULL = YES;
				CLANG_ANALYZER_NUMBER_OBJECT_CONVERSION = YES_AGGRESSIVE;
				CLANG_CXX_LANGUAGE_STANDARD = "gnu++14";
				CLANG_CXX_LIBRARY = "libc++";
				CLANG_ENABLE_MODULES = YES;
				CLANG_ENABLE_OBJC_ARC = YES;
				CLANG_ENABLE_OBJC_WEAK = YES;
				CLANG_WARN_BLOCK_CAPTURE_AUTORELEASING = YES;
				CLANG_WARN_BOOL_CONVERSION = YES;
				CLANG_WARN_COMMA = YES;
				CLANG_WARN_CONSTANT_CONVERSION = YES;
				CLANG_WARN_DEPRECATED_OBJC_IMPLEMENTATIONS = YES;
				CLANG_WARN_DIRECT_OBJC_ISA_USAGE = YES_ERROR;
				CLANG_WARN_DOCUMENTATION_COMMENTS = YES;
				CLANG_WARN_EMPTY_BODY = YES;
				CLANG_WARN_ENUM_CONVERSION = YES;
				CLANG_WARN_INFINITE_RECURSION = YES;
				CLANG_WARN_INT_CONVERSION = YES;
				CLANG_WARN_NON_LITERAL_NULL_CONVERSION = YES;
				CLANG_WARN_OBJC_IMPLICIT_RETAIN_SELF = YES;
				CLANG_WARN_OBJC_LITERAL_CONVERSION = YES;
				CLANG_WARN_OBJC_ROOT_CLASS = YES_ERROR;
				CLANG_WARN_RANGE_LOOP_ANALYSIS = YES;
				CLANG_WARN_STRICT_PROTOTYPES = YES;
				CLANG_WARN_SUSPICIOUS_MOVE = YES;
				CLANG_WARN_UNGUARDED_AVAILABILITY = YES_AGGRESSIVE;
				CLANG_WARN_UNREACHABLE_CODE = YES;
				CLANG_WARN__DUPLICATE_METHOD_MATCH = YES;
				CODE_SIGN_IDENTITY = "iPhone Developer";
				COPY_PHASE_STRIP = NO;
				DEBUG_INFORMATION_FORMAT = dwarf;
				ENABLE_STRICT_OBJC_MSGSEND = YES;
				ENABLE_TESTABILITY = YES;
				GCC_C_LANGUAGE_STANDARD = gnu11;
				GCC_DYNAMIC_NO_PIC = NO;
				GCC_NO_COMMON_BLOCKS = YES;
				GCC_OPTIMIZATION_LEVEL = 0;
				GCC_PREPROCESSOR_DEFINITIONS = (
					"DEBUG=1",
					"$(inherited)",
				);
				GCC_WARN_64_TO_32_BIT_CONVERSION = YES;
				GCC_WARN_ABOUT_RETURN_TYPE = YES_ERROR;
				GCC_WARN_UNDECLARED_SELECTOR = YES;
				GCC_WARN_UNINITIALIZED_AUTOS = YES_AGGRESSIVE;
				GCC_WARN_UNUSED_FUNCTION = YES;
				GCC_WARN_UNUSED_VARIABLE = YES;
				IPHONEOS_DEPLOYMENT_TARGET = 12.2;
				MTL_ENABLE_DEBUG_INFO = INCLUDE_SOURCE;
				MTL_FAST_MATH = YES;
				ONLY_ACTIVE_ARCH = YES;
				SDKROOT = iphoneos;
				SWIFT_ACTIVE_COMPILATION_CONDITIONS = DEBUG;
				SWIFT_OPTIMIZATION_LEVEL = "-Onone";
			};
			name = Debug;
		};
		1113AE9822BABE97008F1B0A /* Release */ = {
			isa = XCBuildConfiguration;
			buildSettings = {
				ALWAYS_SEARCH_USER_PATHS = NO;
				CLANG_ANALYZER_NONNULL = YES;
				CLANG_ANALYZER_NUMBER_OBJECT_CONVERSION = YES_AGGRESSIVE;
				CLANG_CXX_LANGUAGE_STANDARD = "gnu++14";
				CLANG_CXX_LIBRARY = "libc++";
				CLANG_ENABLE_MODULES = YES;
				CLANG_ENABLE_OBJC_ARC = YES;
				CLANG_ENABLE_OBJC_WEAK = YES;
				CLANG_WARN_BLOCK_CAPTURE_AUTORELEASING = YES;
				CLANG_WARN_BOOL_CONVERSION = YES;
				CLANG_WARN_COMMA = YES;
				CLANG_WARN_CONSTANT_CONVERSION = YES;
				CLANG_WARN_DEPRECATED_OBJC_IMPLEMENTATIONS = YES;
				CLANG_WARN_DIRECT_OBJC_ISA_USAGE = YES_ERROR;
				CLANG_WARN_DOCUMENTATION_COMMENTS = YES;
				CLANG_WARN_EMPTY_BODY = YES;
				CLANG_WARN_ENUM_CONVERSION = YES;
				CLANG_WARN_INFINITE_RECURSION = YES;
				CLANG_WARN_INT_CONVERSION = YES;
				CLANG_WARN_NON_LITERAL_NULL_CONVERSION = YES;
				CLANG_WARN_OBJC_IMPLICIT_RETAIN_SELF = YES;
				CLANG_WARN_OBJC_LITERAL_CONVERSION = YES;
				CLANG_WARN_OBJC_ROOT_CLASS = YES_ERROR;
				CLANG_WARN_RANGE_LOOP_ANALYSIS = YES;
				CLANG_WARN_STRICT_PROTOTYPES = YES;
				CLANG_WARN_SUSPICIOUS_MOVE = YES;
				CLANG_WARN_UNGUARDED_AVAILABILITY = YES_AGGRESSIVE;
				CLANG_WARN_UNREACHABLE_CODE = YES;
				CLANG_WARN__DUPLICATE_METHOD_MATCH = YES;
				CODE_SIGN_IDENTITY = "iPhone Developer";
				COPY_PHASE_STRIP = NO;
				DEBUG_INFORMATION_FORMAT = "dwarf-with-dsym";
				ENABLE_NS_ASSERTIONS = NO;
				ENABLE_STRICT_OBJC_MSGSEND = YES;
				GCC_C_LANGUAGE_STANDARD = gnu11;
				GCC_NO_COMMON_BLOCKS = YES;
				GCC_WARN_64_TO_32_BIT_CONVERSION = YES;
				GCC_WARN_ABOUT_RETURN_TYPE = YES_ERROR;
				GCC_WARN_UNDECLARED_SELECTOR = YES;
				GCC_WARN_UNINITIALIZED_AUTOS = YES_AGGRESSIVE;
				GCC_WARN_UNUSED_FUNCTION = YES;
				GCC_WARN_UNUSED_VARIABLE = YES;
				IPHONEOS_DEPLOYMENT_TARGET = 12.2;
				MTL_ENABLE_DEBUG_INFO = NO;
				MTL_FAST_MATH = YES;
				SDKROOT = iphoneos;
				SWIFT_COMPILATION_MODE = wholemodule;
				SWIFT_OPTIMIZATION_LEVEL = "-O";
				VALIDATE_PRODUCT = YES;
			};
			name = Release;
		};
		1113AE9A22BABE97008F1B0A /* Debug */ = {
			isa = XCBuildConfiguration;
			buildSettings = {
				ASSETCATALOG_COMPILER_APPICON_NAME = AppIcon;
				CODE_SIGN_STYLE = Automatic;
				DEVELOPMENT_TEAM = KRDT75S9W9;
				INFOPLIST_FILE = SimpleEquation/Info.plist;
				LD_RUNPATH_SEARCH_PATHS = (
					"$(inherited)",
					"@executable_path/Frameworks",
				);
				PRODUCT_BUNDLE_IDENTIFIER = pl.edu.agh.iisg.SimpleEquation;
				PRODUCT_NAME = "$(TARGET_NAME)";
				SWIFT_VERSION = 5.0;
				TARGETED_DEVICE_FAMILY = "1,2";
			};
			name = Debug;
		};
		1113AE9B22BABE97008F1B0A /* Release */ = {
			isa = XCBuildConfiguration;
			buildSettings = {
				ASSETCATALOG_COMPILER_APPICON_NAME = AppIcon;
				CODE_SIGN_STYLE = Automatic;
				DEVELOPMENT_TEAM = KRDT75S9W9;
				INFOPLIST_FILE = SimpleEquation/Info.plist;
				LD_RUNPATH_SEARCH_PATHS = (
					"$(inherited)",
					"@executable_path/Frameworks",
				);
				PRODUCT_BUNDLE_IDENTIFIER = pl.edu.agh.iisg.SimpleEquation;
				PRODUCT_NAME = "$(TARGET_NAME)";
				SWIFT_VERSION = 5.0;
				TARGETED_DEVICE_FAMILY = "1,2";
			};
			name = Release;
		};
		11341F0422BE6B8600C3F774 /* Debug */ = {
			isa = XCBuildConfiguration;
			buildSettings = {
				BUNDLE_LOADER = "$(TEST_HOST)";
				CODE_SIGN_STYLE = Automatic;
				DEVELOPMENT_TEAM = KRDT75S9W9;
				INFOPLIST_FILE = SimpleEquationTests/Info.plist;
				LD_RUNPATH_SEARCH_PATHS = (
					"$(inherited)",
					"@executable_path/Frameworks",
					"@loader_path/Frameworks",
				);
				PRODUCT_BUNDLE_IDENTIFIER = pl.edu.agh.iisg.SimpleEquationTests;
				PRODUCT_NAME = "$(TARGET_NAME)";
				SWIFT_VERSION = 5.0;
				TARGETED_DEVICE_FAMILY = "1,2";
				TEST_HOST = "$(BUILT_PRODUCTS_DIR)/SimpleEquation.app/SimpleEquation";
			};
			name = Debug;
		};
		11341F0522BE6B8600C3F774 /* Release */ = {
			isa = XCBuildConfiguration;
			buildSettings = {
				BUNDLE_LOADER = "$(TEST_HOST)";
				CODE_SIGN_STYLE = Automatic;
				DEVELOPMENT_TEAM = KRDT75S9W9;
				INFOPLIST_FILE = SimpleEquationTests/Info.plist;
				LD_RUNPATH_SEARCH_PATHS = (
					"$(inherited)",
					"@executable_path/Frameworks",
					"@loader_path/Frameworks",
				);
				PRODUCT_BUNDLE_IDENTIFIER = pl.edu.agh.iisg.SimpleEquationTests;
				PRODUCT_NAME = "$(TARGET_NAME)";
				SWIFT_VERSION = 5.0;
				TARGETED_DEVICE_FAMILY = "1,2";
				TEST_HOST = "$(BUILT_PRODUCTS_DIR)/SimpleEquation.app/SimpleEquation";
			};
			name = Release;
		};
/* End XCBuildConfiguration section */

/* Begin XCConfigurationList section */
		1113AE8222BABE94008F1B0A /* Build configuration list for PBXProject "SimpleEquation" */ = {
			isa = XCConfigurationList;
			buildConfigurations = (
				1113AE9722BABE97008F1B0A /* Debug */,
				1113AE9822BABE97008F1B0A /* Release */,
			);
			defaultConfigurationIsVisible = 0;
			defaultConfigurationName = Release;
		};
		1113AE9922BABE97008F1B0A /* Build configuration list for PBXNativeTarget "SimpleEquation" */ = {
			isa = XCConfigurationList;
			buildConfigurations = (
				1113AE9A22BABE97008F1B0A /* Debug */,
				1113AE9B22BABE97008F1B0A /* Release */,
			);
			defaultConfigurationIsVisible = 0;
			defaultConfigurationName = Release;
		};
		11341F0622BE6B8600C3F774 /* Build configuration list for PBXNativeTarget "SimpleEquationTests" */ = {
			isa = XCConfigurationList;
			buildConfigurations = (
				11341F0422BE6B8600C3F774 /* Debug */,
				11341F0522BE6B8600C3F774 /* Release */,
			);
			defaultConfigurationIsVisible = 0;
			defaultConfigurationName = Release;
		};
/* End XCConfigurationList section */
	};
	rootObject = 1113AE7F22BABE94008F1B0A /* Project object */;
}
